# THIS IS AN AUTOGENERATED FILE. DO NOT EDIT THIS FILE DIRECTLY.
# yarn lockfile v1


csstype@^3.1.1:
  version "3.2.3"
  resolved "https://registry.npmjs.org/csstype/-/csstype-3.2.3.tgz"
  integrity sha512-z1HGKcYy2xA8AGQfwrn0PAy+PB7X/GSj3UVJW9qKyn43xWa+gl5nXmU4qqLMRzWVLFC8KusUX8T/0kCiOYpAIQ==

devalue@^5.8.1:
  version "5.9.1"
  resolved "https://registry.npmjs.org/devalue/-/devalue-5.9.1.tgz"
  integrity sha512-+17vil3EVQRzvtDJSFuTWEb8XJRvXqAiV3qZyQWD398QeXUa6CxsUyMdD1fxzEhUrd4FojitFz7lhIHBTlV4fw==

framer-api@^0.1.29:
  version "0.1.29"
  resolved "https://registry.npmjs.org/framer-api/-/framer-api-0.1.29.tgz"
  integrity sha512-LRWUT7P/QmyriCJiReH5vCdyLZCIsy9DgTtQ2jldoVsYsaXt4QtPV5jBHPNRmbvGCAkQmFfQXrH0fKTxjbWmQA==
  dependencies:
    devalue "^5.8.1"
    std-env "^4.0.0"

husky@^9.1.7:
  version "9.1.7"
  resolved "https://registry.npmjs.org/husky/-/husky-9.1.7.tgz"
  integrity sha512-5gs5ytaNjBrh5Ow3zrvdUUY+0VxIuWVL4i9irt6friV+BqdCfmV11CQTWMiBYWHbXhco+J1kHfTOUkePhCDvMA==

std-env@^4.0.0:
  version "4.2.0"
  resolved "https://registry.npmjs.org/std-env/-/std-env-4.2.0.tgz"
  integrity sha512-oCUKSupKTHX53EyjDtuZQ64pjLJ6yYCtpmEw0goYxtjG9KpbRe8KAsl2tBUGU9DyMcJ0RwJ8GqJAFzMXcXW1Rw==
